
Microsoft Visual Studio Solution File, Format Version 12.00
# Visual Studio Version 17
VisualStudioVersion = 17.11.35219.272
MinimumVisualStudioVersion = 10.0.40219.1
Project("{FAE04EC0-301F-11D3-BF4B-00C04F79EFBC}") = "Sesion17", "Sesion17\Sesion17.csproj", "{94B3ACE9-0065-4DD3-925E-CD4315F68CD4}"
EndProject
Global
	GlobalSection(SolutionConfigurationPlatforms) = preSolution
		Debug|Any CPU = Debug|Any CPU
		Release|Any CPU = Release|Any CPU
	EndGlobalSection
	GlobalSection(ProjectConfigurationPlatforms) = postSolution
		{94B3ACE9-0065-4DD3-925E-CD4315F68CD4}.Debug|Any CPU.ActiveCfg = Debug|Any CPU
		{94B3ACE9-0065-4DD3-925E-CD4315F68CD4}.Debug|Any CPU.Build.0 = Debug|Any CPU
		{94B3ACE9-0065-4DD3-925E-CD4315F68CD4}.Release|Any CPU.ActiveCfg = Release|Any CPU
		{94B3ACE9-0065-4DD3-925E-CD4315F68CD4}.Release|Any CPU.Build.0 = Release|Any CPU
	EndGlobalSection
	GlobalSection(SolutionProperties) = preSolution
		HideSolutionNode = FALSE
	EndGlobalSection
	GlobalSection(ExtensibilityGlobals) = postSolution
		SolutionGuid = {C3FC21AD-FBFB-435B-9361-53C201A67A9E}
	EndGlobalSection
EndGlobal
